
Microsoft Visual Studio Solution File, Format Version 11.00
# Visual Studio 2010
Project("{FAE04EC0-301F-11D3-BF4B-00C04F79EFBC}") = "Assembly-CSharp", "Assembly-CSharp.csproj", "{8EAABEA2-C4EC-7CA7-0067-287C76CC27B8}"
EndProject
Project("{FAE04EC0-301F-11D3-BF4B-00C04F79EFBC}") = "Assembly-CSharp-Editor", "Assembly-CSharp-Editor.csproj", "{DEF242AE-AE45-5D22-65BD-FCFDD272B6D0}"
EndProject
Global
	GlobalSection(SolutionConfigurationPlatforms) = preSolution
		Debug|Any CPU = Debug|Any CPU
		Release|Any CPU = Release|Any CPU
	EndGlobalSection
	GlobalSection(ProjectConfigurationPlatforms) = postSolution
		{8EAABEA2-C4EC-7CA7-0067-287C76CC27B8}.Debug|Any CPU.ActiveCfg = Debug|Any CPU
		{8EAABEA2-C4EC-7CA7-0067-287C76CC27B8}.Debug|Any CPU.Build.0 = Debug|Any CPU
		{8EAABEA2-C4EC-7CA7-0067-287C76CC27B8}.Release|Any CPU.ActiveCfg = Release|Any CPU
		{8EAABEA2-C4EC-7CA7-0067-287C76CC27B8}.Release|Any CPU.Build.0 = Release|Any CPU
		{DEF242AE-AE45-5D22-65BD-FCFDD272B6D0}.Debug|Any CPU.ActiveCfg = Debug|Any CPU
		{DEF242AE-AE45-5D22-65BD-FCFDD272B6D0}.Debug|Any CPU.Build.0 = Debug|Any CPU
		{DEF242AE-AE45-5D22-65BD-FCFDD272B6D0}.Release|Any CPU.ActiveCfg = Release|Any CPU
		{DEF242AE-AE45-5D22-65BD-FCFDD272B6D0}.Release|Any CPU.Build.0 = Release|Any CPU
	EndGlobalSection
	GlobalSection(SolutionProperties) = preSolution
		HideSolutionNode = FALSE
	EndGlobalSection
	GlobalSection(MonoDevelopProperties) = preSolution
		StartupItem = Assembly-CSharp.csproj
	EndGlobalSection
EndGlobal
