
Microsoft Visual Studio Solution File, Format Version 12.00
# Visual Studio 15
Project("{FAE04EC0-301F-11D3-BF4B-00C04F79EFBC}") = "Platform2", "Assembly-CSharp.csproj", "{D3168429-4C6C-FBBE-911E-4AC60B824853}"
EndProject
Project("{FAE04EC0-301F-11D3-BF4B-00C04F79EFBC}") = "Platform2", "Assembly-CSharp-Editor.csproj", "{F86630A9-9DDD-0E17-84E4-4F13A31D5115}"
EndProject
Global
	GlobalSection(SolutionConfigurationPlatforms) = preSolution
		Debug|Any CPU = Debug|Any CPU
		Release|Any CPU = Release|Any CPU
	EndGlobalSection
	GlobalSection(ProjectConfigurationPlatforms) = postSolution
		{D3168429-4C6C-FBBE-911E-4AC60B824853}.Debug|Any CPU.ActiveCfg = Debug|Any CPU
		{D3168429-4C6C-FBBE-911E-4AC60B824853}.Debug|Any CPU.Build.0 = Debug|Any CPU
		{D3168429-4C6C-FBBE-911E-4AC60B824853}.Release|Any CPU.ActiveCfg = Release|Any CPU
		{D3168429-4C6C-FBBE-911E-4AC60B824853}.Release|Any CPU.Build.0 = Release|Any CPU
		{F86630A9-9DDD-0E17-84E4-4F13A31D5115}.Debug|Any CPU.ActiveCfg = Debug|Any CPU
		{F86630A9-9DDD-0E17-84E4-4F13A31D5115}.Debug|Any CPU.Build.0 = Debug|Any CPU
		{F86630A9-9DDD-0E17-84E4-4F13A31D5115}.Release|Any CPU.ActiveCfg = Release|Any CPU
		{F86630A9-9DDD-0E17-84E4-4F13A31D5115}.Release|Any CPU.Build.0 = Release|Any CPU
	EndGlobalSection
	GlobalSection(SolutionProperties) = preSolution
		HideSolutionNode = FALSE
	EndGlobalSection
EndGlobal
